// !$*UTF8*$!
{
	archiveVersion = 1;
	classes = {
	};
	objectVersion = 55;
	objects = {

/* Begin PBXBuildFile section */
		6D9C6214287BBEDA00320073 /* main.swift in Sources */ = {isa = PBXBuildFile; fileRef = 6D9C6213287BBEDA00320073 /* main.swift */; };
		6D9C6226287BBF4C00320073 /* Times.swift in Sources */ = {isa = PBXBuildFile; fileRef = 6D9C621C287BBF4C00320073 /* Times.swift */; };
		6D9C6227287BBF4C00320073 /* Int+Numbers.swift in Sources */ = {isa = PBXBuildFile; fileRef = 6D9C621D287BBF4C00320073 /* Int+Numbers.swift */; };
		6D9C6228287BBF4C00320073 /* Array+Tool.swift in Sources */ = {isa = PBXBuildFile; fileRef = 6D9C621E287BBF4C00320073 /* Array+Tool.swift */; };
		6D9C6229287BBF4C00320073 /* String+Index.swift in Sources */ = {isa = PBXBuildFile; fileRef = 6D9C621F287BBF4C00320073 /* String+Index.swift */; };
		6D9C622A287BBF4C00320073 /* Stack.swift in Sources */ = {isa = PBXBuildFile; fileRef = 6D9C6220287BBF4C00320073 /* Stack.swift */; };
		6D9C622B287BBF4C00320073 /* Tester.swift in Sources */ = {isa = PBXBuildFile; fileRef = 6D9C6221287BBF4C00320073 /* Tester.swift */; };
		6D9C622C287BBF4C00320073 /* Trie.swift in Sources */ = {isa = PBXBuildFile; fileRef = 6D9C6222287BBF4C00320073 /* Trie.swift */; };
		6D9C622D287BBF4C00320073 /* TreeNode.swift in Sources */ = {isa = PBXBuildFile; fileRef = 6D9C6223287BBF4C00320073 /* TreeNode.swift */; };
		6D9C622E287BBF4C00320073 /* ListNode.swift in Sources */ = {isa = PBXBuildFile; fileRef = 6D9C6224287BBF4C00320073 /* ListNode.swift */; };
		6D9C622F287BBF4C00320073 /* Heap.swift in Sources */ = {isa = PBXBuildFile; fileRef = 6D9C6225287BBF4C00320073 /* Heap.swift */; };
		6D9C624A287BC5F300320073 /* BitSet.swift in Sources */ = {isa = PBXBuildFile; fileRef = 6D9C6232287BC5F300320073 /* BitSet.swift */; };
		6D9C624B287BC5F300320073 /* HashTable.swift in Sources */ = {isa = PBXBuildFile; fileRef = 6D9C6234287BC5F300320073 /* HashTable.swift */; };
		6D9C624C287BC5F300320073 /* PriorityQueue.swift in Sources */ = {isa = PBXBuildFile; fileRef = 6D9C6236287BC5F300320073 /* PriorityQueue.swift */; };
		6D9C624D287BC5F300320073 /* QueueProtocol.swift in Sources */ = {isa = PBXBuildFile; fileRef = 6D9C6237287BC5F300320073 /* QueueProtocol.swift */; };
		6D9C624E287BC5F300320073 /* DoublyLinkList.swift in Sources */ = {isa = PBXBuildFile; fileRef = 6D9C6239287BC5F300320073 /* DoublyLinkList.swift */; };
		6D9C624F287BC5F300320073 /* SkipList.swift in Sources */ = {isa = PBXBuildFile; fileRef = 6D9C623A287BC5F300320073 /* SkipList.swift */; };
		6D9C6250287BC5F300320073 /* LinkList.swift in Sources */ = {isa = PBXBuildFile; fileRef = 6D9C623B287BC5F300320073 /* LinkList.swift */; };
		6D9C6251287BC5F300320073 /* SingleLinkList.swift in Sources */ = {isa = PBXBuildFile; fileRef = 6D9C623C287BC5F300320073 /* SingleLinkList.swift */; };
		6D9C6252287BC5F300320073 /* BloomFilter.swift in Sources */ = {isa = PBXBuildFile; fileRef = 6D9C623E287BC5F300320073 /* BloomFilter.swift */; };
		6D9C6253287BC5F300320073 /* StackProtocol.swift in Sources */ = {isa = PBXBuildFile; fileRef = 6D9C6240287BC5F300320073 /* StackProtocol.swift */; };
		6D9C6254287BC5F300320073 /* BST.swift in Sources */ = {isa = PBXBuildFile; fileRef = 6D9C6243287BC5F300320073 /* BST.swift */; };
		6D9C6255287BC5F300320073 /* BBST.swift in Sources */ = {isa = PBXBuildFile; fileRef = 6D9C6244287BC5F300320073 /* BBST.swift */; };
		6D9C6256287BC5F300320073 /* BinaryTree.swift in Sources */ = {isa = PBXBuildFile; fileRef = 6D9C6245287BC5F300320073 /* BinaryTree.swift */; };
		6D9C6257287BC5F300320073 /* BTNode.swift in Sources */ = {isa = PBXBuildFile; fileRef = 6D9C6247287BC5F300320073 /* BTNode.swift */; };
		6D9C6258287BC5F300320073 /* RBTree.swift in Sources */ = {isa = PBXBuildFile; fileRef = 6D9C6248287BC5F300320073 /* RBTree.swift */; };
		6D9C6259287BC5F300320073 /* AVLTree.swift in Sources */ = {isa = PBXBuildFile; fileRef = 6D9C6249287BC5F300320073 /* AVLTree.swift */; };
		6D9C625B287C06AA00320073 /* Temp.swift in Sources */ = {isa = PBXBuildFile; fileRef = 6D9C625A287C06AA00320073 /* Temp.swift */; };
/* End PBXBuildFile section */

/* Begin PBXCopyFilesBuildPhase section */
		6D9C620E287BBEDA00320073 /* CopyFiles */ = {
			isa = PBXCopyFilesBuildPhase;
			buildActionMask = 2147483647;
			dstPath = /usr/share/man/man1/;
			dstSubfolderSpec = 0;
			files = (
			);
			runOnlyForDeploymentPostprocessing = 1;
		};
/* End PBXCopyFilesBuildPhase section */

/* Begin PBXFileReference section */
		6D9C6210287BBEDA00320073 /* AlgorithmTesting */ = {isa = PBXFileReference; explicitFileType = "compiled.mach-o.executable"; includeInIndex = 0; path = AlgorithmTesting; sourceTree = BUILT_PRODUCTS_DIR; };
		6D9C6213287BBEDA00320073 /* main.swift */ = {isa = PBXFileReference; lastKnownFileType = sourcecode.swift; path = main.swift; sourceTree = "<group>"; };
		6D9C621C287BBF4C00320073 /* Times.swift */ = {isa = PBXFileReference; fileEncoding = 4; lastKnownFileType = sourcecode.swift; path = Times.swift; sourceTree = "<group>"; };
		6D9C621D287BBF4C00320073 /* Int+Numbers.swift */ = {isa = PBXFileReference; fileEncoding = 4; lastKnownFileType = sourcecode.swift; path = "Int+Numbers.swift"; sourceTree = "<group>"; };
		6D9C621E287BBF4C00320073 /* Array+Tool.swift */ = {isa = PBXFileReference; fileEncoding = 4; lastKnownFileType = sourcecode.swift; path = "Array+Tool.swift"; sourceTree = "<group>"; };
		6D9C621F287BBF4C00320073 /* String+Index.swift */ = {isa = PBXFileReference; fileEncoding = 4; lastKnownFileType = sourcecode.swift; path = "String+Index.swift"; sourceTree = "<group>"; };
		6D9C6220287BBF4C00320073 /* Stack.swift */ = {isa = PBXFileReference; fileEncoding = 4; lastKnownFileType = sourcecode.swift; path = Stack.swift; sourceTree = "<group>"; };
		6D9C6221287BBF4C00320073 /* Tester.swift */ = {isa = PBXFileReference; fileEncoding = 4; lastKnownFileType = sourcecode.swift; path = Tester.swift; sourceTree = "<group>"; };
		6D9C6222287BBF4C00320073 /* Trie.swift */ = {isa = PBXFileReference; fileEncoding = 4; lastKnownFileType = sourcecode.swift; path = Trie.swift; sourceTree = "<group>"; };
		6D9C6223287BBF4C00320073 /* TreeNode.swift */ = {isa = PBXFileReference; fileEncoding = 4; lastKnownFileType = sourcecode.swift; path = TreeNode.swift; sourceTree = "<group>"; };
		6D9C6224287BBF4C00320073 /* ListNode.swift */ = {isa = PBXFileReference; fileEncoding = 4; lastKnownFileType = sourcecode.swift; path = ListNode.swift; sourceTree = "<group>"; };
		6D9C6225287BBF4C00320073 /* Heap.swift */ = {isa = PBXFileReference; fileEncoding = 4; lastKnownFileType = sourcecode.swift; path = Heap.swift; sourceTree = "<group>"; };
		6D9C6232287BC5F300320073 /* BitSet.swift */ = {isa = PBXFileReference; fileEncoding = 4; lastKnownFileType = sourcecode.swift; path = BitSet.swift; sourceTree = "<group>"; };
		6D9C6234287BC5F300320073 /* HashTable.swift */ = {isa = PBXFileReference; fileEncoding = 4; lastKnownFileType = sourcecode.swift; path = HashTable.swift; sourceTree = "<group>"; };
		6D9C6236287BC5F300320073 /* PriorityQueue.swift */ = {isa = PBXFileReference; fileEncoding = 4; lastKnownFileType = sourcecode.swift; path = PriorityQueue.swift; sourceTree = "<group>"; };
		6D9C6237287BC5F300320073 /* QueueProtocol.swift */ = {isa = PBXFileReference; fileEncoding = 4; lastKnownFileType = sourcecode.swift; path = QueueProtocol.swift; sourceTree = "<group>"; };
		6D9C6239287BC5F300320073 /* DoublyLinkList.swift */ = {isa = PBXFileReference; fileEncoding = 4; lastKnownFileType = sourcecode.swift; path = DoublyLinkList.swift; sourceTree = "<group>"; };
		6D9C623A287BC5F300320073 /* SkipList.swift */ = {isa = PBXFileReference; fileEncoding = 4; lastKnownFileType = sourcecode.swift; path = SkipList.swift; sourceTree = "<group>"; };
		6D9C623B287BC5F300320073 /* LinkList.swift */ = {isa = PBXFileReference; fileEncoding = 4; lastKnownFileType = sourcecode.swift; path = LinkList.swift; sourceTree = "<group>"; };
		6D9C623C287BC5F300320073 /* SingleLinkList.swift */ = {isa = PBXFileReference; fileEncoding = 4; lastKnownFileType = sourcecode.swift; path = SingleLinkList.swift; sourceTree = "<group>"; };
		6D9C623E287BC5F300320073 /* BloomFilter.swift */ = {isa = PBXFileReference; fileEncoding = 4; lastKnownFileType = sourcecode.swift; path = BloomFilter.swift; sourceTree = "<group>"; };
		6D9C6240287BC5F300320073 /* StackProtocol.swift */ = {isa = PBXFileReference; fileEncoding = 4; lastKnownFileType = sourcecode.swift; path = StackProtocol.swift; sourceTree = "<group>"; };
		6D9C6243287BC5F300320073 /* BST.swift */ = {isa = PBXFileReference; fileEncoding = 4; lastKnownFileType = sourcecode.swift; path = BST.swift; sourceTree = "<group>"; };
		6D9C6244287BC5F300320073 /* BBST.swift */ = {isa = PBXFileReference; fileEncoding = 4; lastKnownFileType = sourcecode.swift; path = BBST.swift; sourceTree = "<group>"; };
		6D9C6245287BC5F300320073 /* BinaryTree.swift */ = {isa = PBXFileReference; fileEncoding = 4; lastKnownFileType = sourcecode.swift; path = BinaryTree.swift; sourceTree = "<group>"; };
		6D9C6247287BC5F300320073 /* BTNode.swift */ = {isa = PBXFileReference; fileEncoding = 4; lastKnownFileType = sourcecode.swift; path = BTNode.swift; sourceTree = "<group>"; };
		6D9C6248287BC5F300320073 /* RBTree.swift */ = {isa = PBXFileReference; fileEncoding = 4; lastKnownFileType = sourcecode.swift; path = RBTree.swift; sourceTree = "<group>"; };
		6D9C6249287BC5F300320073 /* AVLTree.swift */ = {isa = PBXFileReference; fileEncoding = 4; lastKnownFileType = sourcecode.swift; path = AVLTree.swift; sourceTree = "<group>"; };
		6D9C625A287C06AA00320073 /* Temp.swift */ = {isa = PBXFileReference; lastKnownFileType = sourcecode.swift; path = Temp.swift; sourceTree = "<group>"; };
/* End PBXFileReference section */

/* Begin PBXFrameworksBuildPhase section */
		6D9C620D287BBEDA00320073 /* Frameworks */ = {
			isa = PBXFrameworksBuildPhase;
			buildActionMask = 2147483647;
			files = (
			);
			runOnlyForDeploymentPostprocessing = 0;
		};
/* End PBXFrameworksBuildPhase section */

/* Begin PBXGroup section */
		6D9C6207287BBEDA00320073 = {
			isa = PBXGroup;
			children = (
				6D9C6212287BBEDA00320073 /* AlgorithmTesting */,
				6D9C6211287BBEDA00320073 /* Products */,
			);
			sourceTree = "<group>";
		};
		6D9C6211287BBEDA00320073 /* Products */ = {
			isa = PBXGroup;
			children = (
				6D9C6210287BBEDA00320073 /* AlgorithmTesting */,
			);
			name = Products;
			sourceTree = "<group>";
		};
		6D9C6212287BBEDA00320073 /* AlgorithmTesting */ = {
			isa = PBXGroup;
			children = (
				6D9C621A287BBF4C00320073 /* Dependencies */,
				6D9C6213287BBEDA00320073 /* main.swift */,
				6D9C625A287C06AA00320073 /* Temp.swift */,
			);
			path = AlgorithmTesting;
			sourceTree = "<group>";
		};
		6D9C621A287BBF4C00320073 /* Dependencies */ = {
			isa = PBXGroup;
			children = (
				6D9C6230287BC5F300320073 /* DataStruct */,
				6D9C621B287BBF4C00320073 /* Tools */,
				6D9C621F287BBF4C00320073 /* String+Index.swift */,
				6D9C6220287BBF4C00320073 /* Stack.swift */,
				6D9C6221287BBF4C00320073 /* Tester.swift */,
				6D9C6222287BBF4C00320073 /* Trie.swift */,
				6D9C6223287BBF4C00320073 /* TreeNode.swift */,
				6D9C6224287BBF4C00320073 /* ListNode.swift */,
				6D9C6225287BBF4C00320073 /* Heap.swift */,
			);
			path = Dependencies;
			sourceTree = "<group>";
		};
		6D9C621B287BBF4C00320073 /* Tools */ = {
			isa = PBXGroup;
			children = (
				6D9C621C287BBF4C00320073 /* Times.swift */,
				6D9C621D287BBF4C00320073 /* Int+Numbers.swift */,
				6D9C621E287BBF4C00320073 /* Array+Tool.swift */,
			);
			path = Tools;
			sourceTree = "<group>";
		};
		6D9C6230287BC5F300320073 /* DataStruct */ = {
			isa = PBXGroup;
			children = (
				6D9C6231287BC5F300320073 /* BitSet */,
				6D9C6233287BC5F300320073 /* Hash */,
				6D9C6235287BC5F300320073 /* Queue */,
				6D9C6238287BC5F300320073 /* LinkList */,
				6D9C623D287BC5F300320073 /* BloomFilter */,
				6D9C623F287BC5F300320073 /* Stack */,
				6D9C6241287BC5F300320073 /* BinaryTree */,
			);
			path = DataStruct;
			sourceTree = "<group>";
		};
		6D9C6231287BC5F300320073 /* BitSet */ = {
			isa = PBXGroup;
			children = (
				6D9C6232287BC5F300320073 /* BitSet.swift */,
			);
			path = BitSet;
			sourceTree = "<group>";
		};
		6D9C6233287BC5F300320073 /* Hash */ = {
			isa = PBXGroup;
			children = (
				6D9C6234287BC5F300320073 /* HashTable.swift */,
			);
			path = Hash;
			sourceTree = "<group>";
		};
		6D9C6235287BC5F300320073 /* Queue */ = {
			isa = PBXGroup;
			children = (
				6D9C6236287BC5F300320073 /* PriorityQueue.swift */,
				6D9C6237287BC5F300320073 /* QueueProtocol.swift */,
			);
			path = Queue;
			sourceTree = "<group>";
		};
		6D9C6238287BC5F300320073 /* LinkList */ = {
			isa = PBXGroup;
			children = (
				6D9C6239287BC5F300320073 /* DoublyLinkList.swift */,
				6D9C623A287BC5F300320073 /* SkipList.swift */,
				6D9C623B287BC5F300320073 /* LinkList.swift */,
				6D9C623C287BC5F300320073 /* SingleLinkList.swift */,
			);
			path = LinkList;
			sourceTree = "<group>";
		};
		6D9C623D287BC5F300320073 /* BloomFilter */ = {
			isa = PBXGroup;
			children = (
				6D9C623E287BC5F300320073 /* BloomFilter.swift */,
			);
			path = BloomFilter;
			sourceTree = "<group>";
		};
		6D9C623F287BC5F300320073 /* Stack */ = {
			isa = PBXGroup;
			children = (
				6D9C6240287BC5F300320073 /* StackProtocol.swift */,
			);
			path = Stack;
			sourceTree = "<group>";
		};
		6D9C6241287BC5F300320073 /* BinaryTree */ = {
			isa = PBXGroup;
			children = (
				6D9C6242287BC5F300320073 /* Protocol */,
				6D9C6246287BC5F300320073 /* Node */,
				6D9C6248287BC5F300320073 /* RBTree.swift */,
				6D9C6249287BC5F300320073 /* AVLTree.swift */,
			);
			path = BinaryTree;
			sourceTree = "<group>";
		};
		6D9C6242287BC5F300320073 /* Protocol */ = {
			isa = PBXGroup;
			children = (
				6D9C6243287BC5F300320073 /* BST.swift */,
				6D9C6244287BC5F300320073 /* BBST.swift */,
				6D9C6245287BC5F300320073 /* BinaryTree.swift */,
			);
			path = Protocol;
			sourceTree = "<group>";
		};
		6D9C6246287BC5F300320073 /* Node */ = {
			isa = PBXGroup;
			children = (
				6D9C6247287BC5F300320073 /* BTNode.swift */,
			);
			path = Node;
			sourceTree = "<group>";
		};
/* End PBXGroup section */

/* Begin PBXNativeTarget section */
		6D9C620F287BBEDA00320073 /* AlgorithmTesting */ = {
			isa = PBXNativeTarget;
			buildConfigurationList = 6D9C6217287BBEDA00320073 /* Build configuration list for PBXNativeTarget "AlgorithmTesting" */;
			buildPhases = (
				6D9C620C287BBEDA00320073 /* Sources */,
				6D9C620D287BBEDA00320073 /* Frameworks */,
				6D9C620E287BBEDA00320073 /* CopyFiles */,
			);
			buildRules = (
			);
			dependencies = (
			);
			name = AlgorithmTesting;
			productName = AlgorithmTesting;
			productReference = 6D9C6210287BBEDA00320073 /* AlgorithmTesting */;
			productType = "com.apple.product-type.tool";
		};
/* End PBXNativeTarget section */

/* Begin PBXProject section */
		6D9C6208287BBEDA00320073 /* Project object */ = {
			isa = PBXProject;
			attributes = {
				BuildIndependentTargetsInParallel = 1;
				LastSwiftUpdateCheck = 1340;
				LastUpgradeCheck = 1340;
				TargetAttributes = {
					6D9C620F287BBEDA00320073 = {
						CreatedOnToolsVersion = 13.4;
					};
				};
			};
			buildConfigurationList = 6D9C620B287BBEDA00320073 /* Build configuration list for PBXProject "AlgorithmTesting" */;
			compatibilityVersion = "Xcode 13.0";
			developmentRegion = en;
			hasScannedForEncodings = 0;
			knownRegions = (
				en,
				Base,
			);
			mainGroup = 6D9C6207287BBEDA00320073;
			productRefGroup = 6D9C6211287BBEDA00320073 /* Products */;
			projectDirPath = "";
			projectRoot = "";
			targets = (
				6D9C620F287BBEDA00320073 /* AlgorithmTesting */,
			);
		};
/* End PBXProject section */

/* Begin PBXSourcesBuildPhase section */
		6D9C620C287BBEDA00320073 /* Sources */ = {
			isa = PBXSourcesBuildPhase;
			buildActionMask = 2147483647;
			files = (
				6D9C6259287BC5F300320073 /* AVLTree.swift in Sources */,
				6D9C6226287BBF4C00320073 /* Times.swift in Sources */,
				6D9C6250287BC5F300320073 /* LinkList.swift in Sources */,
				6D9C624B287BC5F300320073 /* HashTable.swift in Sources */,
				6D9C6252287BC5F300320073 /* BloomFilter.swift in Sources */,
				6D9C622E287BBF4C00320073 /* ListNode.swift in Sources */,
				6D9C622C287BBF4C00320073 /* Trie.swift in Sources */,
				6D9C625B287C06AA00320073 /* Temp.swift in Sources */,
				6D9C6251287BC5F300320073 /* SingleLinkList.swift in Sources */,
				6D9C6258287BC5F300320073 /* RBTree.swift in Sources */,
				6D9C622D287BBF4C00320073 /* TreeNode.swift in Sources */,
				6D9C6256287BC5F300320073 /* BinaryTree.swift in Sources */,
				6D9C624C287BC5F300320073 /* PriorityQueue.swift in Sources */,
				6D9C6254287BC5F300320073 /* BST.swift in Sources */,
				6D9C6255287BC5F300320073 /* BBST.swift in Sources */,
				6D9C6214287BBEDA00320073 /* main.swift in Sources */,
				6D9C6227287BBF4C00320073 /* Int+Numbers.swift in Sources */,
				6D9C624E287BC5F300320073 /* DoublyLinkList.swift in Sources */,
				6D9C624A287BC5F300320073 /* BitSet.swift in Sources */,
				6D9C6228287BBF4C00320073 /* Array+Tool.swift in Sources */,
				6D9C624D287BC5F300320073 /* QueueProtocol.swift in Sources */,
				6D9C622A287BBF4C00320073 /* Stack.swift in Sources */,
				6D9C6253287BC5F300320073 /* StackProtocol.swift in Sources */,
				6D9C6229287BBF4C00320073 /* String+Index.swift in Sources */,
				6D9C6257287BC5F300320073 /* BTNode.swift in Sources */,
				6D9C622B287BBF4C00320073 /* Tester.swift in Sources */,
				6D9C622F287BBF4C00320073 /* Heap.swift in Sources */,
				6D9C624F287BC5F300320073 /* SkipList.swift in Sources */,
			);
			runOnlyForDeploymentPostprocessing = 0;
		};
/* End PBXSourcesBuildPhase section */

/* Begin XCBuildConfiguration section */
		6D9C6215287BBEDA00320073 /* Debug */ = {
			isa = XCBuildConfiguration;
			buildSettings = {
				ALWAYS_SEARCH_USER_PATHS = NO;
				CLANG_ANALYZER_NONNULL = YES;
				CLANG_ANALYZER_NUMBER_OBJECT_CONVERSION = YES_AGGRESSIVE;
				CLANG_CXX_LANGUAGE_STANDARD = "gnu++17";
				CLANG_ENABLE_MODULES = YES;
				CLANG_ENABLE_OBJC_ARC = YES;
				CLANG_ENABLE_OBJC_WEAK = YES;
				CLANG_WARN_BLOCK_CAPTURE_AUTORELEASING = YES;
				CLANG_WARN_BOOL_CONVERSION = YES;
				CLANG_WARN_COMMA = YES;
				CLANG_WARN_CONSTANT_CONVERSION = YES;
				CLANG_WARN_DEPRECATED_OBJC_IMPLEMENTATIONS = YES;
				CLANG_WARN_DIRECT_OBJC_ISA_USAGE = YES_ERROR;
				CLANG_WARN_DOCUMENTATION_COMMENTS = YES;
				CLANG_WARN_EMPTY_BODY = YES;
				CLANG_WARN_ENUM_CONVERSION = YES;
				CLANG_WARN_INFINITE_RECURSION = YES;
				CLANG_WARN_INT_CONVERSION = YES;
				CLANG_WARN_NON_LITERAL_NULL_CONVERSION = YES;
				CLANG_WARN_OBJC_IMPLICIT_RETAIN_SELF = YES;
				CLANG_WARN_OBJC_LITERAL_CONVERSION = YES;
				CLANG_WARN_OBJC_ROOT_CLASS = YES_ERROR;
				CLANG_WARN_QUOTED_INCLUDE_IN_FRAMEWORK_HEADER = YES;
				CLANG_WARN_RANGE_LOOP_ANALYSIS = YES;
				CLANG_WARN_STRICT_PROTOTYPES = YES;
				CLANG_WARN_SUSPICIOUS_MOVE = YES;
				CLANG_WARN_UNGUARDED_AVAILABILITY = YES_AGGRESSIVE;
				CLANG_WARN_UNREACHABLE_CODE = YES;
				CLANG_WARN__DUPLICATE_METHOD_MATCH = YES;
				COPY_PHASE_STRIP = NO;
				DEBUG_INFORMATION_FORMAT = dwarf;
				ENABLE_STRICT_OBJC_MSGSEND = YES;
				ENABLE_TESTABILITY = YES;
				GCC_C_LANGUAGE_STANDARD = gnu11;
				GCC_DYNAMIC_NO_PIC = NO;
				GCC_NO_COMMON_BLOCKS = YES;
				GCC_OPTIMIZATION_LEVEL = 0;
				GCC_PREPROCESSOR_DEFINITIONS = (
					"DEBUG=1",
					"$(inherited)",
				);
				GCC_WARN_64_TO_32_BIT_CONVERSION = YES;
				GCC_WARN_ABOUT_RETURN_TYPE = YES_ERROR;
				GCC_WARN_UNDECLARED_SELECTOR = YES;
				GCC_WARN_UNINITIALIZED_AUTOS = YES_AGGRESSIVE;
				GCC_WARN_UNUSED_FUNCTION = YES;
				GCC_WARN_UNUSED_VARIABLE = YES;
				MACOSX_DEPLOYMENT_TARGET = 12.2;
				MTL_ENABLE_DEBUG_INFO = INCLUDE_SOURCE;
				MTL_FAST_MATH = YES;
				ONLY_ACTIVE_ARCH = YES;
				SDKROOT = macosx;
				SWIFT_ACTIVE_COMPILATION_CONDITIONS = DEBUG;
				SWIFT_OPTIMIZATION_LEVEL = "-Onone";
			};
			name = Debug;
		};
		6D9C6216287BBEDA00320073 /* Release */ = {
			isa = XCBuildConfiguration;
			buildSettings = {
				ALWAYS_SEARCH_USER_PATHS = NO;
				CLANG_ANALYZER_NONNULL = YES;
				CLANG_ANALYZER_NUMBER_OBJECT_CONVERSION = YES_AGGRESSIVE;
				CLANG_CXX_LANGUAGE_STANDARD = "gnu++17";
				CLANG_ENABLE_MODULES = YES;
				CLANG_ENABLE_OBJC_ARC = YES;
				CLANG_ENABLE_OBJC_WEAK = YES;
				CLANG_WARN_BLOCK_CAPTURE_AUTORELEASING = YES;
				CLANG_WARN_BOOL_CONVERSION = YES;
				CLANG_WARN_COMMA = YES;
				CLANG_WARN_CONSTANT_CONVERSION = YES;
				CLANG_WARN_DEPRECATED_OBJC_IMPLEMENTATIONS = YES;
				CLANG_WARN_DIRECT_OBJC_ISA_USAGE = YES_ERROR;
				CLANG_WARN_DOCUMENTATION_COMMENTS = YES;
				CLANG_WARN_EMPTY_BODY = YES;
				CLANG_WARN_ENUM_CONVERSION = YES;
				CLANG_WARN_INFINITE_RECURSION = YES;
				CLANG_WARN_INT_CONVERSION = YES;
				CLANG_WARN_NON_LITERAL_NULL_CONVERSION = YES;
				CLANG_WARN_OBJC_IMPLICIT_RETAIN_SELF = YES;
				CLANG_WARN_OBJC_LITERAL_CONVERSION = YES;
				CLANG_WARN_OBJC_ROOT_CLASS = YES_ERROR;
				CLANG_WARN_QUOTED_INCLUDE_IN_FRAMEWORK_HEADER = YES;
				CLANG_WARN_RANGE_LOOP_ANALYSIS = YES;
				CLANG_WARN_STRICT_PROTOTYPES = YES;
				CLANG_WARN_SUSPICIOUS_MOVE = YES;
				CLANG_WARN_UNGUARDED_AVAILABILITY = YES_AGGRESSIVE;
				CLANG_WARN_UNREACHABLE_CODE = YES;
				CLANG_WARN__DUPLICATE_METHOD_MATCH = YES;
				COPY_PHASE_STRIP = NO;
				DEBUG_INFORMATION_FORMAT = "dwarf-with-dsym";
				ENABLE_NS_ASSERTIONS = NO;
				ENABLE_STRICT_OBJC_MSGSEND = YES;
				GCC_C_LANGUAGE_STANDARD = gnu11;
				GCC_NO_COMMON_BLOCKS = YES;
				GCC_WARN_64_TO_32_BIT_CONVERSION = YES;
				GCC_WARN_ABOUT_RETURN_TYPE = YES_ERROR;
				GCC_WARN_UNDECLARED_SELECTOR = YES;
				GCC_WARN_UNINITIALIZED_AUTOS = YES_AGGRESSIVE;
				GCC_WARN_UNUSED_FUNCTION = YES;
				GCC_WARN_UNUSED_VARIABLE = YES;
				MACOSX_DEPLOYMENT_TARGET = 12.2;
				MTL_ENABLE_DEBUG_INFO = NO;
				MTL_FAST_MATH = YES;
				SDKROOT = macosx;
				SWIFT_COMPILATION_MODE = wholemodule;
				SWIFT_OPTIMIZATION_LEVEL = "-O";
			};
			name = Release;
		};
		6D9C6218287BBEDA00320073 /* Debug */ = {
			isa = XCBuildConfiguration;
			buildSettings = {
				CODE_SIGN_STYLE = Automatic;
				DEVELOPMENT_TEAM = T868H8UY96;
				ENABLE_HARDENED_RUNTIME = YES;
				PRODUCT_NAME = "$(TARGET_NAME)";
				SWIFT_VERSION = 5.0;
			};
			name = Debug;
		};
		6D9C6219287BBEDA00320073 /* Release */ = {
			isa = XCBuildConfiguration;
			buildSettings = {
				CODE_SIGN_STYLE = Automatic;
				DEVELOPMENT_TEAM = T868H8UY96;
				ENABLE_HARDENED_RUNTIME = YES;
				PRODUCT_NAME = "$(TARGET_NAME)";
				SWIFT_VERSION = 5.0;
			};
			name = Release;
		};
/* End XCBuildConfiguration section */

/* Begin XCConfigurationList section */
		6D9C620B287BBEDA00320073 /* Build configuration list for PBXProject "AlgorithmTesting" */ = {
			isa = XCConfigurationList;
			buildConfigurations = (
				6D9C6215287BBEDA00320073 /* Debug */,
				6D9C6216287BBEDA00320073 /* Release */,
			);
			defaultConfigurationIsVisible = 0;
			defaultConfigurationName = Release;
		};
		6D9C6217287BBEDA00320073 /* Build configuration list for PBXNativeTarget "AlgorithmTesting" */ = {
			isa = XCConfigurationList;
			buildConfigurations = (
				6D9C6218287BBEDA00320073 /* Debug */,
				6D9C6219287BBEDA00320073 /* Release */,
			);
			defaultConfigurationIsVisible = 0;
			defaultConfigurationName = Release;
		};
/* End XCConfigurationList section */
	};
	rootObject = 6D9C6208287BBEDA00320073 /* Project object */;
}
